
Microsoft Visual Studio Solution File, Format Version 12.00
# Visual Studio Version 17
VisualStudioVersion = 17.11.35222.181
MinimumVisualStudioVersion = 10.0.40219.1
Project("{FAE04EC0-301F-11D3-BF4B-00C04F79EFBC}") = "VladKekw.TaskPlanner.Domain.Models", "VladKekw.TaskPlanner.Domain.Models\VladKekw.TaskPlanner.Domain.Models.csproj", "{B7AD7398-FC97-4624-9C83-D3562650D828}"
EndProject
Global
	GlobalSection(SolutionConfigurationPlatforms) = preSolution
		Debug|Any CPU = Debug|Any CPU
		Release|Any CPU = Release|Any CPU
	EndGlobalSection
	GlobalSection(ProjectConfigurationPlatforms) = postSolution
		{B7AD7398-FC97-4624-9C83-D3562650D828}.Debug|Any CPU.ActiveCfg = Debug|Any CPU
		{B7AD7398-FC97-4624-9C83-D3562650D828}.Debug|Any CPU.Build.0 = Debug|Any CPU
		{B7AD7398-FC97-4624-9C83-D3562650D828}.Release|Any CPU.ActiveCfg = Release|Any CPU
		{B7AD7398-FC97-4624-9C83-D3562650D828}.Release|Any CPU.Build.0 = Release|Any CPU
	EndGlobalSection
	GlobalSection(SolutionProperties) = preSolution
		HideSolutionNode = FALSE
	EndGlobalSection
	GlobalSection(ExtensibilityGlobals) = postSolution
		SolutionGuid = {ADB4099B-02E8-4A83-9DC2-EEE89B518EA1}
	EndGlobalSection
EndGlobal
